// !$*UTF8*$!
{
	archiveVersion = 1;
	classes = {
	};
	objectVersion = 77;
	objects = {

/* Begin PBXBuildFile section */
		050ABCC2F7D66C177CF3E3B3 /* HomeView.swift in Sources */ = {isa = PBXBuildFile; fileRef = 10B83990180897E0F78FA4A2 /* HomeView.swift */; };
		1AC770734FEE0C15051C3156 /* DataTab.swift in Sources */ = {isa = PBXBuildFile; fileRef = 2E61954C91F9C5FB66239F66 /* DataTab.swift */; };
		492C7B26416FE6653026055A /* DataTypeDetailView.swift in Sources */ = {isa = PBXBuildFile; fileRef = 71246662736D6AE6097AAAF2 /* DataTypeDetailView.swift */; };
		78CD6B7E1544089E3DCBCCDE /* SyncTab.swift in Sources */ = {isa = PBXBuildFile; fileRef = 8B632BB8727BAE65C4CEB33B /* SyncTab.swift */; };
		A35419E2308CD0B31073E14D /* MyLifeDBDetailView.swift in Sources */ = {isa = PBXBuildFile; fileRef = B3FE21DB97C2875CEC9320AC /* MyLifeDBDetailView.swift */; };
		B49A3509222C8E5E07581CC7 /* DriveDetailView.swift in Sources */ = {isa = PBXBuildFile; fileRef = D34640D30825341890180357 /* DriveDetailView.swift */; };
		D6D9A6EF12ED2CC400D89FCC /* HealthTypeCatalog.swift in Sources */ = {isa = PBXBuildFile; fileRef = DAF35B796B453D3D4519624E /* HealthTypeCatalog.swift */; };
		DE28FC0B150FCEAAD6DB3CDE /* HealthSamplePreview.swift in Sources */ = {isa = PBXBuildFile; fileRef = F0F44EF3902C3AF3610F16D1 /* HealthSamplePreview.swift */; };
		2C207CBE40F442A7A3FC9E2E /* AnchorStore.swift in Sources */ = {isa = PBXBuildFile; fileRef = 1C54AC311B9681A008227307 /* AnchorStore.swift */; };
		3782002DE98F80CD09B1FFBC /* GoogleSignIn in Frameworks */ = {isa = PBXBuildFile; productRef = B37DC1DC7575E9FDF03F6B18 /* GoogleSignIn */; };
		3E8E4379001B60227277CB77 /* HealthKitReader.swift in Sources */ = {isa = PBXBuildFile; fileRef = 037ACF1D09A3C2862B3A29BA /* HealthKitReader.swift */; };
		42F0F35F4A3C1688074432C5 /* GoogleDriveClient.swift in Sources */ = {isa = PBXBuildFile; fileRef = 071B3F8240E9BBA066CD8F2B /* GoogleDriveClient.swift */; };
		54F8E2E1FD1154FB0F9196AC /* SyncCoordinator.swift in Sources */ = {isa = PBXBuildFile; fileRef = D98456748D6490844950A6C5 /* SyncCoordinator.swift */; };
		559B81DD118ADF866C2E548E /* HealthKitAuth.swift in Sources */ = {isa = PBXBuildFile; fileRef = 8AAE3EF5DA37DDFA9651AF66 /* HealthKitAuth.swift */; };
		56A06D72F4C5125FF39A0C9F /* DataTypes.swift in Sources */ = {isa = PBXBuildFile; fileRef = 8AF03E11BDF9492948F52769 /* DataTypes.swift */; };
		90C39B2AC6C3959D5293A7FF /* HealthSampleTests.swift in Sources */ = {isa = PBXBuildFile; fileRef = 432584E94A90584BCBC8ABD3 /* HealthSampleTests.swift */; };
		966237C3A2F0E263BA568D7E /* GoogleSignInSwift in Frameworks */ = {isa = PBXBuildFile; productRef = 36DD47E99CB4EA2EBAF5CB8E /* GoogleSignInSwift */; };
		BB253AEEE603E832745D386F /* PKCETests.swift in Sources */ = {isa = PBXBuildFile; fileRef = 250EB3920731157AAEE8D1CB /* PKCETests.swift */; };
		A10000010000000000000001 /* TypeNaming.swift in Sources */ = {isa = PBXBuildFile; fileRef = A10000020000000000000001 /* TypeNaming.swift */; };
		A10000010000000000000002 /* TypeNamingTests.swift in Sources */ = {isa = PBXBuildFile; fileRef = A10000020000000000000002 /* TypeNamingTests.swift */; };
		A10000010000000000000003 /* DaySample.swift in Sources */ = {isa = PBXBuildFile; fileRef = A10000020000000000000003 /* DaySample.swift */; };
		A10000010000000000000004 /* DaySampleTests.swift in Sources */ = {isa = PBXBuildFile; fileRef = A10000020000000000000004 /* DaySampleTests.swift */; };
		A10000010000000000000005 /* DayBucketer.swift in Sources */ = {isa = PBXBuildFile; fileRef = A10000020000000000000005 /* DayBucketer.swift */; };
		A10000010000000000000006 /* DayBucketerTests.swift in Sources */ = {isa = PBXBuildFile; fileRef = A10000020000000000000006 /* DayBucketerTests.swift */; };
		A10000010000000000000007 /* SnapshotMerger.swift in Sources */ = {isa = PBXBuildFile; fileRef = A10000020000000000000007 /* SnapshotMerger.swift */; };
		A10000010000000000000008 /* SnapshotMergerTests.swift in Sources */ = {isa = PBXBuildFile; fileRef = A10000020000000000000008 /* SnapshotMergerTests.swift */; };
		A10000010000000000000009 /* SyncRunState.swift in Sources */ = {isa = PBXBuildFile; fileRef = A10000020000000000000009 /* SyncRunState.swift */; };
		A1000001000000000000000A /* SyncRunStore.swift in Sources */ = {isa = PBXBuildFile; fileRef = A1000002000000000000000A /* SyncRunStore.swift */; };
		A1000001000000000000000B /* SyncRunStateTests.swift in Sources */ = {isa = PBXBuildFile; fileRef = A1000002000000000000000B /* SyncRunStateTests.swift */; };
		A1000001000000000000000C /* SyncCursor.swift in Sources */ = {isa = PBXBuildFile; fileRef = A1000002000000000000000C /* SyncCursor.swift */; };
		A1000001000000000000000D /* SyncWindow.swift in Sources */ = {isa = PBXBuildFile; fileRef = A1000002000000000000000D /* SyncWindow.swift */; };
		A1000001000000000000000E /* SyncWindowTests.swift in Sources */ = {isa = PBXBuildFile; fileRef = A1000002000000000000000E /* SyncWindowTests.swift */; };
		A1000001000000000000000F /* SyncCursorTests.swift in Sources */ = {isa = PBXBuildFile; fileRef = A1000002000000000000000F /* SyncCursorTests.swift */; };
		C1C3B8E781158A911A955FB0 /* DriveAuth.swift in Sources */ = {isa = PBXBuildFile; fileRef = 48B4FA69F226DA4AA76CA839 /* DriveAuth.swift */; };
		C44331B986415F44957C5FF3 /* ConnectAuth.swift in Sources */ = {isa = PBXBuildFile; fileRef = 70B2D72DD5D4090C0D879AA3 /* ConnectAuth.swift */; };
		CC1FC8B6B29A8EE51C42AEFE /* MyHealthApp.swift in Sources */ = {isa = PBXBuildFile; fileRef = 85EDBFA83501F2EFC29414E2 /* MyHealthApp.swift */; };
		DE62E05D3417337320E51EF1 /* MyLifeDBClient.swift in Sources */ = {isa = PBXBuildFile; fileRef = 07D5CD568565F0146AC27DFB /* MyLifeDBClient.swift */; };
		E8BB28CB39A20CE03D7DB7E7 /* BackgroundSync.swift in Sources */ = {isa = PBXBuildFile; fileRef = 5B334CEE0E63EA2518D77A4E /* BackgroundSync.swift */; };
		EF6DBA9EF67D19675EA1B460 /* PKCE.swift in Sources */ = {isa = PBXBuildFile; fileRef = 28F50952E1DA754F2F6CF611 /* PKCE.swift */; };
		F6D48DDC7DDE16B8650CB7CA /* SampleEncoder.swift in Sources */ = {isa = PBXBuildFile; fileRef = EF55AECA8837B439CEBC8927 /* SampleEncoder.swift */; };
		FCE2573131E978EDF92D65A8 /* TokenStore.swift in Sources */ = {isa = PBXBuildFile; fileRef = 74C317B907897869E73E2FAA /* TokenStore.swift */; };
		B118C00100000000000000A1 /* Localizable.xcstrings in Resources */ = {isa = PBXBuildFile; fileRef = B118C00100000000000000A3 /* Localizable.xcstrings */; };
		B118C00100000000000000A2 /* InfoPlist.xcstrings in Resources */ = {isa = PBXBuildFile; fileRef = B118C00100000000000000A4 /* InfoPlist.xcstrings */; };
/* End PBXBuildFile section */

/* Begin PBXContainerItemProxy section */
		DB1D9B1A2B1BAA74114832D6 /* PBXContainerItemProxy */ = {
			isa = PBXContainerItemProxy;
			containerPortal = 32797708C7859F703E9262C5 /* Project object */;
			proxyType = 1;
			remoteGlobalIDString = 325C456C21C430ADDC0D62D9;
			remoteInfo = MyHealth;
		};
/* End PBXContainerItemProxy section */

/* Begin PBXFileReference section */
		10B83990180897E0F78FA4A2 /* HomeView.swift */ = {isa = PBXFileReference; lastKnownFileType = sourcecode.swift; path = HomeView.swift; sourceTree = "<group>"; };
		2E61954C91F9C5FB66239F66 /* DataTab.swift */ = {isa = PBXFileReference; lastKnownFileType = sourcecode.swift; path = DataTab.swift; sourceTree = "<group>"; };
		71246662736D6AE6097AAAF2 /* DataTypeDetailView.swift */ = {isa = PBXFileReference; lastKnownFileType = sourcecode.swift; path = DataTypeDetailView.swift; sourceTree = "<group>"; };
		8B632BB8727BAE65C4CEB33B /* SyncTab.swift */ = {isa = PBXFileReference; lastKnownFileType = sourcecode.swift; path = SyncTab.swift; sourceTree = "<group>"; };
		B3FE21DB97C2875CEC9320AC /* MyLifeDBDetailView.swift */ = {isa = PBXFileReference; lastKnownFileType = sourcecode.swift; path = MyLifeDBDetailView.swift; sourceTree = "<group>"; };
		D34640D30825341890180357 /* DriveDetailView.swift */ = {isa = PBXFileReference; lastKnownFileType = sourcecode.swift; path = DriveDetailView.swift; sourceTree = "<group>"; };
		DAF35B796B453D3D4519624E /* HealthTypeCatalog.swift */ = {isa = PBXFileReference; lastKnownFileType = sourcecode.swift; path = HealthTypeCatalog.swift; sourceTree = "<group>"; };
		F0F44EF3902C3AF3610F16D1 /* HealthSamplePreview.swift */ = {isa = PBXFileReference; lastKnownFileType = sourcecode.swift; path = HealthSamplePreview.swift; sourceTree = "<group>"; };
		037ACF1D09A3C2862B3A29BA /* HealthKitReader.swift */ = {isa = PBXFileReference; lastKnownFileType = sourcecode.swift; path = HealthKitReader.swift; sourceTree = "<group>"; };
		071B3F8240E9BBA066CD8F2B /* GoogleDriveClient.swift */ = {isa = PBXFileReference; lastKnownFileType = sourcecode.swift; path = GoogleDriveClient.swift; sourceTree = "<group>"; };
		07D5CD568565F0146AC27DFB /* MyLifeDBClient.swift */ = {isa = PBXFileReference; lastKnownFileType = sourcecode.swift; path = MyLifeDBClient.swift; sourceTree = "<group>"; };
		1C54AC311B9681A008227307 /* AnchorStore.swift */ = {isa = PBXFileReference; lastKnownFileType = sourcecode.swift; path = AnchorStore.swift; sourceTree = "<group>"; };
		250EB3920731157AAEE8D1CB /* PKCETests.swift */ = {isa = PBXFileReference; lastKnownFileType = sourcecode.swift; path = PKCETests.swift; sourceTree = "<group>"; };
		A10000020000000000000001 /* TypeNaming.swift */ = {isa = PBXFileReference; lastKnownFileType = sourcecode.swift; path = TypeNaming.swift; sourceTree = "<group>"; };
		A10000020000000000000002 /* TypeNamingTests.swift */ = {isa = PBXFileReference; lastKnownFileType = sourcecode.swift; path = TypeNamingTests.swift; sourceTree = "<group>"; };
		A10000020000000000000003 /* DaySample.swift */ = {isa = PBXFileReference; lastKnownFileType = sourcecode.swift; path = DaySample.swift; sourceTree = "<group>"; };
		A10000020000000000000004 /* DaySampleTests.swift */ = {isa = PBXFileReference; lastKnownFileType = sourcecode.swift; path = DaySampleTests.swift; sourceTree = "<group>"; };
		A10000020000000000000005 /* DayBucketer.swift */ = {isa = PBXFileReference; lastKnownFileType = sourcecode.swift; path = DayBucketer.swift; sourceTree = "<group>"; };
		A10000020000000000000006 /* DayBucketerTests.swift */ = {isa = PBXFileReference; lastKnownFileType = sourcecode.swift; path = DayBucketerTests.swift; sourceTree = "<group>"; };
		A10000020000000000000007 /* SnapshotMerger.swift */ = {isa = PBXFileReference; lastKnownFileType = sourcecode.swift; path = SnapshotMerger.swift; sourceTree = "<group>"; };
		A10000020000000000000008 /* SnapshotMergerTests.swift */ = {isa = PBXFileReference; lastKnownFileType = sourcecode.swift; path = SnapshotMergerTests.swift; sourceTree = "<group>"; };
		A10000020000000000000009 /* SyncRunState.swift */ = {isa = PBXFileReference; lastKnownFileType = sourcecode.swift; path = SyncRunState.swift; sourceTree = "<group>"; };
		A1000002000000000000000A /* SyncRunStore.swift */ = {isa = PBXFileReference; lastKnownFileType = sourcecode.swift; path = SyncRunStore.swift; sourceTree = "<group>"; };
		A1000002000000000000000B /* SyncRunStateTests.swift */ = {isa = PBXFileReference; lastKnownFileType = sourcecode.swift; path = SyncRunStateTests.swift; sourceTree = "<group>"; };
		A1000002000000000000000C /* SyncCursor.swift */ = {isa = PBXFileReference; lastKnownFileType = sourcecode.swift; path = SyncCursor.swift; sourceTree = "<group>"; };
		A1000002000000000000000D /* SyncWindow.swift */ = {isa = PBXFileReference; lastKnownFileType = sourcecode.swift; path = SyncWindow.swift; sourceTree = "<group>"; };
		A1000002000000000000000E /* SyncWindowTests.swift */ = {isa = PBXFileReference; lastKnownFileType = sourcecode.swift; path = SyncWindowTests.swift; sourceTree = "<group>"; };
		A1000002000000000000000F /* SyncCursorTests.swift */ = {isa = PBXFileReference; lastKnownFileType = sourcecode.swift; path = SyncCursorTests.swift; sourceTree = "<group>"; };
		28F50952E1DA754F2F6CF611 /* PKCE.swift */ = {isa = PBXFileReference; lastKnownFileType = sourcecode.swift; path = PKCE.swift; sourceTree = "<group>"; };
		432584E94A90584BCBC8ABD3 /* HealthSampleTests.swift */ = {isa = PBXFileReference; lastKnownFileType = sourcecode.swift; path = HealthSampleTests.swift; sourceTree = "<group>"; };
		48B4FA69F226DA4AA76CA839 /* DriveAuth.swift */ = {isa = PBXFileReference; lastKnownFileType = sourcecode.swift; path = DriveAuth.swift; sourceTree = "<group>"; };
		5B334CEE0E63EA2518D77A4E /* BackgroundSync.swift */ = {isa = PBXFileReference; lastKnownFileType = sourcecode.swift; path = BackgroundSync.swift; sourceTree = "<group>"; };
		60AA1719224422B218DC46DE /* MyHealth.app */ = {isa = PBXFileReference; explicitFileType = wrapper.application; includeInIndex = 0; path = MyHealth.app; sourceTree = BUILT_PRODUCTS_DIR; };
		70B2D72DD5D4090C0D879AA3 /* ConnectAuth.swift */ = {isa = PBXFileReference; lastKnownFileType = sourcecode.swift; path = ConnectAuth.swift; sourceTree = "<group>"; };
		74C317B907897869E73E2FAA /* TokenStore.swift */ = {isa = PBXFileReference; lastKnownFileType = sourcecode.swift; path = TokenStore.swift; sourceTree = "<group>"; };
		85EDBFA83501F2EFC29414E2 /* MyHealthApp.swift */ = {isa = PBXFileReference; lastKnownFileType = sourcecode.swift; path = MyHealthApp.swift; sourceTree = "<group>"; };
		8AAE3EF5DA37DDFA9651AF66 /* HealthKitAuth.swift */ = {isa = PBXFileReference; lastKnownFileType = sourcecode.swift; path = HealthKitAuth.swift; sourceTree = "<group>"; };
		8AF03E11BDF9492948F52769 /* DataTypes.swift */ = {isa = PBXFileReference; lastKnownFileType = sourcecode.swift; path = DataTypes.swift; sourceTree = "<group>"; };
		D37A92E5D0DBEDE6BC8ACCD1 /* MyHealthTests.xctest */ = {isa = PBXFileReference; includeInIndex = 0; lastKnownFileType = wrapper.cfbundle; path = MyHealthTests.xctest; sourceTree = BUILT_PRODUCTS_DIR; };
		D98456748D6490844950A6C5 /* SyncCoordinator.swift */ = {isa = PBXFileReference; lastKnownFileType = sourcecode.swift; path = SyncCoordinator.swift; sourceTree = "<group>"; };
		EF55AECA8837B439CEBC8927 /* SampleEncoder.swift */ = {isa = PBXFileReference; lastKnownFileType = sourcecode.swift; path = SampleEncoder.swift; sourceTree = "<group>"; };
		B118C00100000000000000A3 /* Localizable.xcstrings */ = {isa = PBXFileReference; lastKnownFileType = text.json.xcstrings; path = Localizable.xcstrings; sourceTree = "<group>"; };
		B118C00100000000000000A4 /* InfoPlist.xcstrings */ = {isa = PBXFileReference; lastKnownFileType = text.json.xcstrings; path = InfoPlist.xcstrings; sourceTree = "<group>"; };
/* End PBXFileReference section */

/* Begin PBXFrameworksBuildPhase section */
		DD8C6AE802541CC898EBB34D /* Frameworks */ = {
			isa = PBXFrameworksBuildPhase;
			buildActionMask = 2147483647;
			files = (
				3782002DE98F80CD09B1FFBC /* GoogleSignIn in Frameworks */,
				966237C3A2F0E263BA568D7E /* GoogleSignInSwift in Frameworks */,
			);
			runOnlyForDeploymentPostprocessing = 0;
		};
/* End PBXFrameworksBuildPhase section */

/* Begin PBXGroup section */
		0F099F3A016728F459E6D67F /* MyLifeDB */ = {
			isa = PBXGroup;
			children = (
				70B2D72DD5D4090C0D879AA3 /* ConnectAuth.swift */,
				07D5CD568565F0146AC27DFB /* MyLifeDBClient.swift */,
				28F50952E1DA754F2F6CF611 /* PKCE.swift */,
				74C317B907897869E73E2FAA /* TokenStore.swift */,
			);
			path = MyLifeDB;
			sourceTree = "<group>";
		};
		22144979E3A15F717F63CAAD /* Products */ = {
			isa = PBXGroup;
			children = (
				60AA1719224422B218DC46DE /* MyHealth.app */,
				D37A92E5D0DBEDE6BC8ACCD1 /* MyHealthTests.xctest */,
			);
			name = Products;
			sourceTree = "<group>";
		};
		3FBCE3F3D013D7E47A2894BA = {
			isa = PBXGroup;
			children = (
				80D5EC60A84796D1016AEA0B /* MyHealth */,
				5FFCB00E7A3D81789423937B /* Tests */,
				22144979E3A15F717F63CAAD /* Products */,
			);
			sourceTree = "<group>";
		};
		54619BEF487634FB4E872EBA /* UI */ = {
			isa = PBXGroup;
			children = (
				10B83990180897E0F78FA4A2 /* HomeView.swift */,
				2E61954C91F9C5FB66239F66 /* DataTab.swift */,
				71246662736D6AE6097AAAF2 /* DataTypeDetailView.swift */,
				8B632BB8727BAE65C4CEB33B /* SyncTab.swift */,
				B3FE21DB97C2875CEC9320AC /* MyLifeDBDetailView.swift */,
				D34640D30825341890180357 /* DriveDetailView.swift */,
			);
			path = UI;
			sourceTree = "<group>";
		};
		5FFCB00E7A3D81789423937B /* Tests */ = {
			isa = PBXGroup;
			children = (
				A10000020000000000000004 /* DaySampleTests.swift */,
				A10000020000000000000006 /* DayBucketerTests.swift */,
				432584E94A90584BCBC8ABD3 /* HealthSampleTests.swift */,
				250EB3920731157AAEE8D1CB /* PKCETests.swift */,
				A10000020000000000000008 /* SnapshotMergerTests.swift */,
				A1000002000000000000000B /* SyncRunStateTests.swift */,
				A1000002000000000000000E /* SyncWindowTests.swift */,
				A1000002000000000000000F /* SyncCursorTests.swift */,
				A10000020000000000000002 /* TypeNamingTests.swift */,
			);
			path = Tests;
			sourceTree = "<group>";
		};
		80D5EC60A84796D1016AEA0B /* MyHealth */ = {
			isa = PBXGroup;
			children = (
				85EDBFA83501F2EFC29414E2 /* MyHealthApp.swift */,
				CE4C224362A742C37DB92B55 /* GoogleDrive */,
				940A6FE78E509B537382339A /* Health */,
				A93349502B4DAD547C336929 /* Model */,
				0F099F3A016728F459E6D67F /* MyLifeDB */,
				B118C00100000000000000A5 /* Resources */,
				C4CE67FEC011289BE75B818E /* Sync */,
				54619BEF487634FB4E872EBA /* UI */,
			);
			path = MyHealth;
			sourceTree = "<group>";
		};
		B118C00100000000000000A5 /* Resources */ = {
			isa = PBXGroup;
			children = (
				B118C00100000000000000A3 /* Localizable.xcstrings */,
				B118C00100000000000000A4 /* InfoPlist.xcstrings */,
			);
			path = Resources;
			sourceTree = "<group>";
		};
		940A6FE78E509B537382339A /* Health */ = {
			isa = PBXGroup;
			children = (
				DAF35B796B453D3D4519624E /* HealthTypeCatalog.swift */,
				F0F44EF3902C3AF3610F16D1 /* HealthSamplePreview.swift */,
				8AAE3EF5DA37DDFA9651AF66 /* HealthKitAuth.swift */,
				037ACF1D09A3C2862B3A29BA /* HealthKitReader.swift */,
				EF55AECA8837B439CEBC8927 /* SampleEncoder.swift */,
			);
			path = Health;
			sourceTree = "<group>";
		};
		A93349502B4DAD547C336929 /* Model */ = {
			isa = PBXGroup;
			children = (
				8AF03E11BDF9492948F52769 /* DataTypes.swift */,
				A10000020000000000000003 /* DaySample.swift */,
				A10000020000000000000009 /* SyncRunState.swift */,
			);
			path = Model;
			sourceTree = "<group>";
		};
		C4CE67FEC011289BE75B818E /* Sync */ = {
			isa = PBXGroup;
			children = (
				1C54AC311B9681A008227307 /* AnchorStore.swift */,
				5B334CEE0E63EA2518D77A4E /* BackgroundSync.swift */,
				A10000020000000000000005 /* DayBucketer.swift */,
				A10000020000000000000007 /* SnapshotMerger.swift */,
				D98456748D6490844950A6C5 /* SyncCoordinator.swift */,
				A1000002000000000000000A /* SyncRunStore.swift */,
				A1000002000000000000000C /* SyncCursor.swift */,
				A1000002000000000000000D /* SyncWindow.swift */,
				A10000020000000000000001 /* TypeNaming.swift */,
			);
			path = Sync;
			sourceTree = "<group>";
		};
		CE4C224362A742C37DB92B55 /* GoogleDrive */ = {
			isa = PBXGroup;
			children = (
				48B4FA69F226DA4AA76CA839 /* DriveAuth.swift */,
				071B3F8240E9BBA066CD8F2B /* GoogleDriveClient.swift */,
			);
			path = GoogleDrive;
			sourceTree = "<group>";
		};
/* End PBXGroup section */

/* Begin PBXNativeTarget section */
		325C456C21C430ADDC0D62D9 /* MyHealth */ = {
			isa = PBXNativeTarget;
			buildConfigurationList = 16A23D358F2F9C53EFDA532D /* Build configuration list for PBXNativeTarget "MyHealth" */;
			buildPhases = (
				7104F391DA17FEA7D8A6B28C /* Sources */,
				DD8C6AE802541CC898EBB34D /* Frameworks */,
				B118C00100000000000000A6 /* Resources */,
			);
			buildRules = (
			);
			dependencies = (
			);
			name = MyHealth;
			packageProductDependencies = (
				B37DC1DC7575E9FDF03F6B18 /* GoogleSignIn */,
				36DD47E99CB4EA2EBAF5CB8E /* GoogleSignInSwift */,
			);
			productName = MyHealth;
			productReference = 60AA1719224422B218DC46DE /* MyHealth.app */;
			productType = "com.apple.product-type.application";
		};
		5D864417F46FC750884E620E /* MyHealthTests */ = {
			isa = PBXNativeTarget;
			buildConfigurationList = F9F15C72B9C5EBBE9EE979E2 /* Build configuration list for PBXNativeTarget "MyHealthTests" */;
			buildPhases = (
				ACA83C169864D5DA5B5A506F /* Sources */,
			);
			buildRules = (
			);
			dependencies = (
				2DC27284FEA914A965CE2289 /* PBXTargetDependency */,
			);
			name = MyHealthTests;
			packageProductDependencies = (
			);
			productName = MyHealthTests;
			productReference = D37A92E5D0DBEDE6BC8ACCD1 /* MyHealthTests.xctest */;
			productType = "com.apple.product-type.bundle.unit-test";
		};
/* End PBXNativeTarget section */

/* Begin PBXResourcesBuildPhase section */
		B118C00100000000000000A6 /* Resources */ = {
			isa = PBXResourcesBuildPhase;
			buildActionMask = 2147483647;
			files = (
				B118C00100000000000000A1 /* Localizable.xcstrings in Resources */,
				B118C00100000000000000A2 /* InfoPlist.xcstrings in Resources */,
			);
			runOnlyForDeploymentPostprocessing = 0;
		};
/* End PBXResourcesBuildPhase section */

/* Begin PBXProject section */
		32797708C7859F703E9262C5 /* Project object */ = {
			isa = PBXProject;
			attributes = {
				BuildIndependentTargetsInParallel = YES;
				LastUpgradeCheck = 1430;
				TargetAttributes = {
					5D864417F46FC750884E620E = {
						DevelopmentTeam = "";
					};
				};
			};
			buildConfigurationList = 04A8F95859FB4E4998967F03 /* Build configuration list for PBXProject "MyHealth" */;
			developmentRegion = en;
			hasScannedForEncodings = 0;
			knownRegions = (
				Base,
				en,
				"zh-Hans",
			);
			mainGroup = 3FBCE3F3D013D7E47A2894BA;
			minimizedProjectReferenceProxies = 1;
			packageReferences = (
				F5735EA5C81B6122995EA936 /* XCRemoteSwiftPackageReference "GoogleSignIn-iOS" */,
			);
			preferredProjectObjectVersion = 77;
			productRefGroup = 22144979E3A15F717F63CAAD /* Products */;
			projectDirPath = "";
			projectRoot = "";
			targets = (
				325C456C21C430ADDC0D62D9 /* MyHealth */,
				5D864417F46FC750884E620E /* MyHealthTests */,
			);
		};
/* End PBXProject section */

/* Begin PBXSourcesBuildPhase section */
		7104F391DA17FEA7D8A6B28C /* Sources */ = {
			isa = PBXSourcesBuildPhase;
			buildActionMask = 2147483647;
			files = (
				050ABCC2F7D66C177CF3E3B3 /* HomeView.swift in Sources */,
				1AC770734FEE0C15051C3156 /* DataTab.swift in Sources */,
				492C7B26416FE6653026055A /* DataTypeDetailView.swift in Sources */,
				78CD6B7E1544089E3DCBCCDE /* SyncTab.swift in Sources */,
				A35419E2308CD0B31073E14D /* MyLifeDBDetailView.swift in Sources */,
				B49A3509222C8E5E07581CC7 /* DriveDetailView.swift in Sources */,
				D6D9A6EF12ED2CC400D89FCC /* HealthTypeCatalog.swift in Sources */,
				DE28FC0B150FCEAAD6DB3CDE /* HealthSamplePreview.swift in Sources */,
				2C207CBE40F442A7A3FC9E2E /* AnchorStore.swift in Sources */,
				E8BB28CB39A20CE03D7DB7E7 /* BackgroundSync.swift in Sources */,
				C44331B986415F44957C5FF3 /* ConnectAuth.swift in Sources */,
				56A06D72F4C5125FF39A0C9F /* DataTypes.swift in Sources */,
				C1C3B8E781158A911A955FB0 /* DriveAuth.swift in Sources */,
				42F0F35F4A3C1688074432C5 /* GoogleDriveClient.swift in Sources */,
				559B81DD118ADF866C2E548E /* HealthKitAuth.swift in Sources */,
				3E8E4379001B60227277CB77 /* HealthKitReader.swift in Sources */,
				A10000010000000000000003 /* DaySample.swift in Sources */,
				CC1FC8B6B29A8EE51C42AEFE /* MyHealthApp.swift in Sources */,
				DE62E05D3417337320E51EF1 /* MyLifeDBClient.swift in Sources */,
				EF6DBA9EF67D19675EA1B460 /* PKCE.swift in Sources */,
				F6D48DDC7DDE16B8650CB7CA /* SampleEncoder.swift in Sources */,
				54F8E2E1FD1154FB0F9196AC /* SyncCoordinator.swift in Sources */,
				FCE2573131E978EDF92D65A8 /* TokenStore.swift in Sources */,
				A10000010000000000000001 /* TypeNaming.swift in Sources */,
				A10000010000000000000005 /* DayBucketer.swift in Sources */,
				A10000010000000000000007 /* SnapshotMerger.swift in Sources */,
				A10000010000000000000009 /* SyncRunState.swift in Sources */,
				A1000001000000000000000A /* SyncRunStore.swift in Sources */,
				A1000001000000000000000C /* SyncCursor.swift in Sources */,
				A1000001000000000000000D /* SyncWindow.swift in Sources */,
			);
			runOnlyForDeploymentPostprocessing = 0;
		};
		ACA83C169864D5DA5B5A506F /* Sources */ = {
			isa = PBXSourcesBuildPhase;
			buildActionMask = 2147483647;
			files = (
				A10000010000000000000004 /* DaySampleTests.swift in Sources */,
				90C39B2AC6C3959D5293A7FF /* HealthSampleTests.swift in Sources */,
				BB253AEEE603E832745D386F /* PKCETests.swift in Sources */,
				A10000010000000000000002 /* TypeNamingTests.swift in Sources */,
				A10000010000000000000006 /* DayBucketerTests.swift in Sources */,
				A10000010000000000000008 /* SnapshotMergerTests.swift in Sources */,
				A1000001000000000000000B /* SyncRunStateTests.swift in Sources */,
				A1000001000000000000000E /* SyncWindowTests.swift in Sources */,
				A1000001000000000000000F /* SyncCursorTests.swift in Sources */,
			);
			runOnlyForDeploymentPostprocessing = 0;
		};
/* End PBXSourcesBuildPhase section */

/* Begin PBXTargetDependency section */
		2DC27284FEA914A965CE2289 /* PBXTargetDependency */ = {
			isa = PBXTargetDependency;
			target = 325C456C21C430ADDC0D62D9 /* MyHealth */;
			targetProxy = DB1D9B1A2B1BAA74114832D6 /* PBXContainerItemProxy */;
		};
/* End PBXTargetDependency section */

/* Begin XCBuildConfiguration section */
		07CE9DEDCBDF7A4D226C8E9E /* Debug */ = {
			isa = XCBuildConfiguration;
			buildSettings = {
				ASSETCATALOG_COMPILER_APPICON_NAME = AppIcon;
				CODE_SIGN_ENTITLEMENTS = MyHealth/MyHealth.entitlements;
				CODE_SIGN_IDENTITY = "iPhone Developer";
				DEVELOPMENT_TEAM = R3845XW5FZ;
				GENERATE_INFOPLIST_FILE = NO;
				INFOPLIST_FILE = MyHealth/Info.plist;
				LD_RUNPATH_SEARCH_PATHS = (
					"$(inherited)",
					"@executable_path/Frameworks",
				);
				PRODUCT_BUNDLE_IDENTIFIER = org.foss.myhealth.ios;
				SDKROOT = iphoneos;
				SUPPORTS_MACCATALYST = NO;
				TARGETED_DEVICE_FAMILY = "1,2";
			};
			name = Debug;
		};
		3941B34B5BB3B9ACA9BABCE4 /* Release */ = {
			isa = XCBuildConfiguration;
			buildSettings = {
				ALWAYS_SEARCH_USER_PATHS = NO;
				CLANG_ANALYZER_NONNULL = YES;
				CLANG_ANALYZER_NUMBER_OBJECT_CONVERSION = YES_AGGRESSIVE;
				CLANG_CXX_LANGUAGE_STANDARD = "gnu++14";
				CLANG_CXX_LIBRARY = "libc++";
				CLANG_ENABLE_MODULES = YES;
				CLANG_ENABLE_OBJC_ARC = YES;
				CLANG_ENABLE_OBJC_WEAK = YES;
				CLANG_WARN_BLOCK_CAPTURE_AUTORELEASING = YES;
				CLANG_WARN_BOOL_CONVERSION = YES;
				CLANG_WARN_COMMA = YES;
				CLANG_WARN_CONSTANT_CONVERSION = YES;
				CLANG_WARN_DEPRECATED_OBJC_IMPLEMENTATIONS = YES;
				CLANG_WARN_DIRECT_OBJC_ISA_USAGE = YES_ERROR;
				CLANG_WARN_DOCUMENTATION_COMMENTS = YES;
				CLANG_WARN_EMPTY_BODY = YES;
				CLANG_WARN_ENUM_CONVERSION = YES;
				CLANG_WARN_INFINITE_RECURSION = YES;
				CLANG_WARN_INT_CONVERSION = YES;
				CLANG_WARN_NON_LITERAL_NULL_CONVERSION = YES;
				CLANG_WARN_OBJC_IMPLICIT_RETAIN_SELF = YES;
				CLANG_WARN_OBJC_LITERAL_CONVERSION = YES;
				CLANG_WARN_OBJC_ROOT_CLASS = YES_ERROR;
				CLANG_WARN_QUOTED_INCLUDE_IN_FRAMEWORK_HEADER = YES;
				CLANG_WARN_RANGE_LOOP_ANALYSIS = YES;
				CLANG_WARN_STRICT_PROTOTYPES = YES;
				CLANG_WARN_SUSPICIOUS_MOVE = YES;
				CLANG_WARN_UNGUARDED_AVAILABILITY = YES_AGGRESSIVE;
				CLANG_WARN_UNREACHABLE_CODE = YES;
				CLANG_WARN__DUPLICATE_METHOD_MATCH = YES;
				COPY_PHASE_STRIP = NO;
				CURRENT_PROJECT_VERSION = 1;
				DEBUG_INFORMATION_FORMAT = "dwarf-with-dsym";
				DEVELOPMENT_TEAM = "";
				ENABLE_NS_ASSERTIONS = NO;
				ENABLE_STRICT_OBJC_MSGSEND = YES;
				GCC_C_LANGUAGE_STANDARD = gnu11;
				GCC_NO_COMMON_BLOCKS = YES;
				GCC_WARN_64_TO_32_BIT_CONVERSION = YES;
				GCC_WARN_ABOUT_RETURN_TYPE = YES_ERROR;
				GCC_WARN_UNDECLARED_SELECTOR = YES;
				GCC_WARN_UNINITIALIZED_AUTOS = YES_AGGRESSIVE;
				GCC_WARN_UNUSED_FUNCTION = YES;
				GCC_WARN_UNUSED_VARIABLE = YES;
				IPHONEOS_DEPLOYMENT_TARGET = 17.0;
				MARKETING_VERSION = 0.1.0;
				MTL_ENABLE_DEBUG_INFO = NO;
				MTL_FAST_MATH = YES;
				PRODUCT_NAME = "$(TARGET_NAME)";
				SDKROOT = iphoneos;
				SWIFT_COMPILATION_MODE = wholemodule;
				SWIFT_OPTIMIZATION_LEVEL = "-O";
				SWIFT_VERSION = 5.9;
			};
			name = Release;
		};
		549B4DD50F0C24471422B763 /* Release */ = {
			isa = XCBuildConfiguration;
			buildSettings = {
				ASSETCATALOG_COMPILER_APPICON_NAME = AppIcon;
				CODE_SIGN_ENTITLEMENTS = MyHealth/MyHealth.entitlements;
				CODE_SIGN_IDENTITY = "iPhone Developer";
				DEVELOPMENT_TEAM = R3845XW5FZ;
				GENERATE_INFOPLIST_FILE = NO;
				INFOPLIST_FILE = MyHealth/Info.plist;
				LD_RUNPATH_SEARCH_PATHS = (
					"$(inherited)",
					"@executable_path/Frameworks",
				);
				PRODUCT_BUNDLE_IDENTIFIER = org.foss.myhealth.ios;
				SDKROOT = iphoneos;
				SUPPORTS_MACCATALYST = NO;
				TARGETED_DEVICE_FAMILY = "1,2";
			};
			name = Release;
		};
		8D086F1FB8429EE6110116CF /* Debug */ = {
			isa = XCBuildConfiguration;
			buildSettings = {
				BUNDLE_LOADER = "$(TEST_HOST)";
				GENERATE_INFOPLIST_FILE = YES;
				LD_RUNPATH_SEARCH_PATHS = (
					"$(inherited)",
					"@executable_path/Frameworks",
					"@loader_path/Frameworks",
				);
				PRODUCT_BUNDLE_IDENTIFIER = org.foss.myhealth.ios.tests;
				SDKROOT = iphoneos;
				TARGETED_DEVICE_FAMILY = "1,2";
				TEST_HOST = "$(BUILT_PRODUCTS_DIR)/MyHealth.app/MyHealth";
			};
			name = Debug;
		};
		9D33BA75AAFA591C1172BF56 /* Release */ = {
			isa = XCBuildConfiguration;
			buildSettings = {
				BUNDLE_LOADER = "$(TEST_HOST)";
				GENERATE_INFOPLIST_FILE = YES;
				LD_RUNPATH_SEARCH_PATHS = (
					"$(inherited)",
					"@executable_path/Frameworks",
					"@loader_path/Frameworks",
				);
				PRODUCT_BUNDLE_IDENTIFIER = org.foss.myhealth.ios.tests;
				SDKROOT = iphoneos;
				TARGETED_DEVICE_FAMILY = "1,2";
				TEST_HOST = "$(BUILT_PRODUCTS_DIR)/MyHealth.app/MyHealth";
			};
			name = Release;
		};
		DE8E5D2133DBB9236E0CE659 /* Debug */ = {
			isa = XCBuildConfiguration;
			buildSettings = {
				ALWAYS_SEARCH_USER_PATHS = NO;
				CLANG_ANALYZER_NONNULL = YES;
				CLANG_ANALYZER_NUMBER_OBJECT_CONVERSION = YES_AGGRESSIVE;
				CLANG_CXX_LANGUAGE_STANDARD = "gnu++14";
				CLANG_CXX_LIBRARY = "libc++";
				CLANG_ENABLE_MODULES = YES;
				CLANG_ENABLE_OBJC_ARC = YES;
				CLANG_ENABLE_OBJC_WEAK = YES;
				CLANG_WARN_BLOCK_CAPTURE_AUTORELEASING = YES;
				CLANG_WARN_BOOL_CONVERSION = YES;
				CLANG_WARN_COMMA = YES;
				CLANG_WARN_CONSTANT_CONVERSION = YES;
				CLANG_WARN_DEPRECATED_OBJC_IMPLEMENTATIONS = YES;
				CLANG_WARN_DIRECT_OBJC_ISA_USAGE = YES_ERROR;
				CLANG_WARN_DOCUMENTATION_COMMENTS = YES;
				CLANG_WARN_EMPTY_BODY = YES;
				CLANG_WARN_ENUM_CONVERSION = YES;
				CLANG_WARN_INFINITE_RECURSION = YES;
				CLANG_WARN_INT_CONVERSION = YES;
				CLANG_WARN_NON_LITERAL_NULL_CONVERSION = YES;
				CLANG_WARN_OBJC_IMPLICIT_RETAIN_SELF = YES;
				CLANG_WARN_OBJC_LITERAL_CONVERSION = YES;
				CLANG_WARN_OBJC_ROOT_CLASS = YES_ERROR;
				CLANG_WARN_QUOTED_INCLUDE_IN_FRAMEWORK_HEADER = YES;
				CLANG_WARN_RANGE_LOOP_ANALYSIS = YES;
				CLANG_WARN_STRICT_PROTOTYPES = YES;
				CLANG_WARN_SUSPICIOUS_MOVE = YES;
				CLANG_WARN_UNGUARDED_AVAILABILITY = YES_AGGRESSIVE;
				CLANG_WARN_UNREACHABLE_CODE = YES;
				CLANG_WARN__DUPLICATE_METHOD_MATCH = YES;
				COPY_PHASE_STRIP = NO;
				CURRENT_PROJECT_VERSION = 1;
				DEBUG_INFORMATION_FORMAT = dwarf;
				DEVELOPMENT_TEAM = "";
				ENABLE_STRICT_OBJC_MSGSEND = YES;
				ENABLE_TESTABILITY = YES;
				GCC_C_LANGUAGE_STANDARD = gnu11;
				GCC_DYNAMIC_NO_PIC = NO;
				GCC_NO_COMMON_BLOCKS = YES;
				GCC_OPTIMIZATION_LEVEL = 0;
				GCC_PREPROCESSOR_DEFINITIONS = (
					"$(inherited)",
					"DEBUG=1",
				);
				GCC_WARN_64_TO_32_BIT_CONVERSION = YES;
				GCC_WARN_ABOUT_RETURN_TYPE = YES_ERROR;
				GCC_WARN_UNDECLARED_SELECTOR = YES;
				GCC_WARN_UNINITIALIZED_AUTOS = YES_AGGRESSIVE;
				GCC_WARN_UNUSED_FUNCTION = YES;
				GCC_WARN_UNUSED_VARIABLE = YES;
				IPHONEOS_DEPLOYMENT_TARGET = 17.0;
				MARKETING_VERSION = 0.1.0;
				MTL_ENABLE_DEBUG_INFO = INCLUDE_SOURCE;
				MTL_FAST_MATH = YES;
				ONLY_ACTIVE_ARCH = YES;
				PRODUCT_NAME = "$(TARGET_NAME)";
				SDKROOT = iphoneos;
				SWIFT_ACTIVE_COMPILATION_CONDITIONS = DEBUG;
				SWIFT_OPTIMIZATION_LEVEL = "-Onone";
				SWIFT_VERSION = 5.9;
			};
			name = Debug;
		};
/* End XCBuildConfiguration section */

/* Begin XCConfigurationList section */
		04A8F95859FB4E4998967F03 /* Build configuration list for PBXProject "MyHealth" */ = {
			isa = XCConfigurationList;
			buildConfigurations = (
				DE8E5D2133DBB9236E0CE659 /* Debug */,
				3941B34B5BB3B9ACA9BABCE4 /* Release */,
			);
			defaultConfigurationIsVisible = 0;
			defaultConfigurationName = Debug;
		};
		16A23D358F2F9C53EFDA532D /* Build configuration list for PBXNativeTarget "MyHealth" */ = {
			isa = XCConfigurationList;
			buildConfigurations = (
				07CE9DEDCBDF7A4D226C8E9E /* Debug */,
				549B4DD50F0C24471422B763 /* Release */,
			);
			defaultConfigurationIsVisible = 0;
			defaultConfigurationName = Debug;
		};
		F9F15C72B9C5EBBE9EE979E2 /* Build configuration list for PBXNativeTarget "MyHealthTests" */ = {
			isa = XCConfigurationList;
			buildConfigurations = (
				8D086F1FB8429EE6110116CF /* Debug */,
				9D33BA75AAFA591C1172BF56 /* Release */,
			);
			defaultConfigurationIsVisible = 0;
			defaultConfigurationName = Debug;
		};
/* End XCConfigurationList section */

/* Begin XCRemoteSwiftPackageReference section */
		F5735EA5C81B6122995EA936 /* XCRemoteSwiftPackageReference "GoogleSignIn-iOS" */ = {
			isa = XCRemoteSwiftPackageReference;
			repositoryURL = "https://github.com/google/GoogleSignIn-iOS";
			requirement = {
				kind = upToNextMajorVersion;
				minimumVersion = 7.1.0;
			};
		};
/* End XCRemoteSwiftPackageReference section */

/* Begin XCSwiftPackageProductDependency section */
		36DD47E99CB4EA2EBAF5CB8E /* GoogleSignInSwift */ = {
			isa = XCSwiftPackageProductDependency;
			package = F5735EA5C81B6122995EA936 /* XCRemoteSwiftPackageReference "GoogleSignIn-iOS" */;
			productName = GoogleSignInSwift;
		};
		B37DC1DC7575E9FDF03F6B18 /* GoogleSignIn */ = {
			isa = XCSwiftPackageProductDependency;
			package = F5735EA5C81B6122995EA936 /* XCRemoteSwiftPackageReference "GoogleSignIn-iOS" */;
			productName = GoogleSignIn;
		};
/* End XCSwiftPackageProductDependency section */
	};
	rootObject = 32797708C7859F703E9262C5 /* Project object */;
}
